
Microsoft Visual Studio Solution File, Format Version 12.00
# Visual Studio 15
VisualStudioVersion = 15.0.26228.12
MinimumVisualStudioVersion = 10.0.40219.1
Project("{D954291E-2A0B-460D-934E-DC6B0785DB48}") = "ShoppingList", "ShoppingList\ShoppingList\ShoppingList.shproj", "{0E57D9B0-559F-46E4-85CD-BE1FB8CCD3DD}"
EndProject
Project("{FAE04EC0-301F-11D3-BF4B-00C04F79EFBC}") = "ShoppingList.Android", "ShoppingList\ShoppingList.Android\ShoppingList.Android.csproj", "{4BE7A22F-5FDC-45C1-B8C9-59C130AF8E41}"
EndProject
Project("{FAE04EC0-301F-11D3-BF4B-00C04F79EFBC}") = "ShoppingList.iOS", "ShoppingList\ShoppingList.iOS\ShoppingList.iOS.csproj", "{D206AE6A-4A4E-435E-995D-2FAC7265194C}"
EndProject
Project("{FAE04EC0-301F-11D3-BF4B-00C04F79EFBC}") = "ShoppingList.UWP", "ShoppingList\ShoppingList.UWP\ShoppingList.UWP.csproj", "{DB987004-A61B-43E9-A2A5-510FF33508BD}"
EndProject
Global
	GlobalSection(SharedMSBuildProjectFiles) = preSolution
		ShoppingList\ShoppingList\ShoppingList.projitems*{0e57d9b0-559f-46e4-85cd-be1fb8ccd3dd}*SharedItemsImports = 13
		ShoppingList\ShoppingList\ShoppingList.projitems*{4be7a22f-5fdc-45c1-b8c9-59c130af8e41}*SharedItemsImports = 4
		ShoppingList\ShoppingList\ShoppingList.projitems*{d206ae6a-4a4e-435e-995d-2fac7265194c}*SharedItemsImports = 4
		ShoppingList\ShoppingList\ShoppingList.projitems*{db987004-a61b-43e9-a2a5-510ff33508bd}*SharedItemsImports = 4
	EndGlobalSection
	GlobalSection(SolutionConfigurationPlatforms) = preSolution
		Ad-Hoc|Any CPU = Ad-Hoc|Any CPU
		Ad-Hoc|ARM = Ad-Hoc|ARM
		Ad-Hoc|iPhone = Ad-Hoc|iPhone
		Ad-Hoc|iPhoneSimulator = Ad-Hoc|iPhoneSimulator
		Ad-Hoc|x64 = Ad-Hoc|x64
		Ad-Hoc|x86 = Ad-Hoc|x86
		AppStore|Any CPU = AppStore|Any CPU
		AppStore|ARM = AppStore|ARM
		AppStore|iPhone = AppStore|iPhone
		AppStore|iPhoneSimulator = AppStore|iPhoneSimulator
		AppStore|x64 = AppStore|x64
		AppStore|x86 = AppStore|x86
		Debug|Any CPU = Debug|Any CPU
		Debug|ARM = Debug|ARM
		Debug|iPhone = Debug|iPhone
		Debug|iPhoneSimulator = Debug|iPhoneSimulator
		Debug|x64 = Debug|x64
		Debug|x86 = Debug|x86
		Release|Any CPU = Release|Any CPU
		Release|ARM = Release|ARM
		Release|iPhone = Release|iPhone
		Release|iPhoneSimulator = Release|iPhoneSimulator
		Release|x64 = Release|x64
		Release|x86 = Release|x86
	EndGlobalSection
	GlobalSection(ProjectConfigurationPlatforms) = postSolution
		{4BE7A22F-5FDC-45C1-B8C9-59C130AF8E41}.Ad-Hoc|Any CPU.ActiveCfg = Release|Any CPU
		{4BE7A22F-5FDC-45C1-B8C9-59C130AF8E41}.Ad-Hoc|Any CPU.Build.0 = Release|Any CPU
		{4BE7A22F-5FDC-45C1-B8C9-59C130AF8E41}.Ad-Hoc|Any CPU.Deploy.0 = Release|Any CPU
		{4BE7A22F-5FDC-45C1-B8C9-59C130AF8E41}.Ad-Hoc|ARM.ActiveCfg = Release|Any CPU
		{4BE7A22F-5FDC-45C1-B8C9-59C130AF8E41}.Ad-Hoc|ARM.Build.0 = Release|Any CPU
		{4BE7A22F-5FDC-45C1-B8C9-59C130AF8E41}.Ad-Hoc|ARM.Deploy.0 = Release|Any CPU
		{4BE7A22F-5FDC-45C1-B8C9-59C130AF8E41}.Ad-Hoc|iPhone.ActiveCfg = Release|Any CPU
		{4BE7A22F-5FDC-45C1-B8C9-59C130AF8E41}.Ad-Hoc|iPhone.Build.0 = Release|Any CPU
		{4BE7A22F-5FDC-45C1-B8C9-59C130AF8E41}.Ad-Hoc|iPhone.Deploy.0 = Release|Any CPU
		{4BE7A22F-5FDC-45C1-B8C9-59C130AF8E41}.Ad-Hoc|iPhoneSimulator.ActiveCfg = Release|Any CPU
		{4BE7A22F-5FDC-45C1-B8C9-59C130AF8E41}.Ad-Hoc|iPhoneSimulator.Build.0 = Release|Any CPU
		{4BE7A22F-5FDC-45C1-B8C9-59C130AF8E41}.Ad-Hoc|iPhoneSimulator.Deploy.0 = Release|Any CPU
		{4BE7A22F-5FDC-45C1-B8C9-59C130AF8E41}.Ad-Hoc|x64.ActiveCfg = Release|Any CPU
		{4BE7A22F-5FDC-45C1-B8C9-59C130AF8E41}.Ad-Hoc|x64.Build.0 = Release|Any CPU
		{4BE7A22F-5FDC-45C1-B8C9-59C130AF8E41}.Ad-Hoc|x64.Deploy.0 = Release|Any CPU
		{4BE7A22F-5FDC-45C1-B8C9-59C130AF8E41}.Ad-Hoc|x86.ActiveCfg = Release|Any CPU
		{4BE7A22F-5FDC-45C1-B8C9-59C130AF8E41}.Ad-Hoc|x86.Build.0 = Release|Any CPU
		{4BE7A22F-5FDC-45C1-B8C9-59C130AF8E41}.Ad-Hoc|x86.Deploy.0 = Release|Any CPU
		{4BE7A22F-5FDC-45C1-B8C9-59C130AF8E41}.AppStore|Any CPU.ActiveCfg = Release|Any CPU
		{4BE7A22F-5FDC-45C1-B8C9-59C130AF8E41}.AppStore|Any CPU.Build.0 = Release|Any CPU
		{4BE7A22F-5FDC-45C1-B8C9-59C130AF8E41}.AppStore|Any CPU.Deploy.0 = Release|Any CPU
		{4BE7A22F-5FDC-45C1-B8C9-59C130AF8E41}.AppStore|ARM.ActiveCfg = Release|Any CPU
		{4BE7A22F-5FDC-45C1-B8C9-59C130AF8E41}.AppStore|ARM.Build.0 = Release|Any CPU
		{4BE7A22F-5FDC-45C1-B8C9-59C130AF8E41}.AppStore|ARM.Deploy.0 = Release|Any CPU
		{4BE7A22F-5FDC-45C1-B8C9-59C130AF8E41}.AppStore|iPhone.ActiveCfg = Release|Any CPU
		{4BE7A22F-5FDC-45C1-B8C9-59C130AF8E41}.AppStore|iPhone.Build.0 = Release|Any CPU
		{4BE7A22F-5FDC-45C1-B8C9-59C130AF8E41}.AppStore|iPhone.Deploy.0 = Release|Any CPU
		{4BE7A22F-5FDC-45C1-B8C9-59C130AF8E41}.AppStore|iPhoneSimulator.ActiveCfg = Release|Any CPU
		{4BE7A22F-5FDC-45C1-B8C9-59C130AF8E41}.AppStore|iPhoneSimulator.Build.0 = Release|Any CPU
		{4BE7A22F-5FDC-45C1-B8C9-59C130AF8E41}.AppStore|iPhoneSimulator.Deploy.0 = Release|Any CPU
		{4BE7A22F-5FDC-45C1-B8C9-59C130AF8E41}.AppStore|x64.ActiveCfg = Release|Any CPU
		{4BE7A22F-5FDC-45C1-B8C9-59C130AF8E41}.AppStore|x64.Build.0 = Release|Any CPU
		{4BE7A22F-5FDC-45C1-B8C9-59C130AF8E41}.AppStore|x64.Deploy.0 = Release|Any CPU
		{4BE7A22F-5FDC-45C1-B8C9-59C130AF8E41}.AppStore|x86.ActiveCfg = Release|Any CPU
		{4BE7A22F-5FDC-45C1-B8C9-59C130AF8E41}.AppStore|x86.Build.0 = Release|Any CPU
		{4BE7A22F-5FDC-45C1-B8C9-59C130AF8E41}.AppStore|x86.Deploy.0 = Release|Any CPU
		{4BE7A22F-5FDC-45C1-B8C9-59C130AF8E41}.Debug|Any CPU.ActiveCfg = Debug|Any CPU
		{4BE7A22F-5FDC-45C1-B8C9-59C130AF8E41}.Debug|Any CPU.Build.0 = Debug|Any CPU
		{4BE7A22F-5FDC-45C1-B8C9-59C130AF8E41}.Debug|Any CPU.Deploy.0 = Debug|Any CPU
		{4BE7A22F-5FDC-45C1-B8C9-59C130AF8E41}.Debug|ARM.ActiveCfg = Debug|Any CPU
		{4BE7A22F-5FDC-45C1-B8C9-59C130AF8E41}.Debug|ARM.Build.0 = Debug|Any CPU
		{4BE7A22F-5FDC-45C1-B8C9-59C130AF8E41}.Debug|ARM.Deploy.0 = Debug|Any CPU
		{4BE7A22F-5FDC-45C1-B8C9-59C130AF8E41}.Debug|iPhone.ActiveCfg = Debug|Any CPU
		{4BE7A22F-5FDC-45C1-B8C9-59C130AF8E41}.Debug|iPhone.Build.0 = Debug|Any CPU
		{4BE7A22F-5FDC-45C1-B8C9-59C130AF8E41}.Debug|iPhone.Deploy.0 = Debug|Any CPU
		{4BE7A22F-5FDC-45C1-B8C9-59C130AF8E41}.Debug|iPhoneSimulator.ActiveCfg = Debug|Any CPU
		{4BE7A22F-5FDC-45C1-B8C9-59C130AF8E41}.Debug|iPhoneSimulator.Build.0 = Debug|Any CPU
		{4BE7A22F-5FDC-45C1-B8C9-59C130AF8E41}.Debug|iPhoneSimulator.Deploy.0 = Debug|Any CPU
		{4BE7A22F-5FDC-45C1-B8C9-59C130AF8E41}.Debug|x64.ActiveCfg = Debug|Any CPU
		{4BE7A22F-5FDC-45C1-B8C9-59C130AF8E41}.Debug|x64.Build.0 = Debug|Any CPU
		{4BE7A22F-5FDC-45C1-B8C9-59C130AF8E41}.Debug|x64.Deploy.0 = Debug|Any CPU
		{4BE7A22F-5FDC-45C1-B8C9-59C130AF8E41}.Debug|x86.ActiveCfg = Debug|Any CPU
		{4BE7A22F-5FDC-45C1-B8C9-59C130AF8E41}.Debug|x86.Build.0 = Debug|Any CPU
		{4BE7A22F-5FDC-45C1-B8C9-59C130AF8E41}.Debug|x86.Deploy.0 = Debug|Any CPU
		{4BE7A22F-5FDC-45C1-B8C9-59C130AF8E41}.Release|Any CPU.ActiveCfg = Release|Any CPU
		{4BE7A22F-5FDC-45C1-B8C9-59C130AF8E41}.Release|Any CPU.Build.0 = Release|Any CPU
		{4BE7A22F-5FDC-45C1-B8C9-59C130AF8E41}.Release|Any CPU.Deploy.0 = Release|Any CPU
		{4BE7A22F-5FDC-45C1-B8C9-59C130AF8E41}.Release|ARM.ActiveCfg = Release|Any CPU
		{4BE7A22F-5FDC-45C1-B8C9-59C130AF8E41}.Release|ARM.Build.0 = Release|Any CPU
		{4BE7A22F-5FDC-45C1-B8C9-59C130AF8E41}.Release|ARM.Deploy.0 = Release|Any CPU
		{4BE7A22F-5FDC-45C1-B8C9-59C130AF8E41}.Release|iPhone.ActiveCfg = Release|Any CPU
		{4BE7A22F-5FDC-45C1-B8C9-59C130AF8E41}.Release|iPhone.Build.0 = Release|Any CPU
		{4BE7A22F-5FDC-45C1-B8C9-59C130AF8E41}.Release|iPhone.Deploy.0 = Release|Any CPU
		{4BE7A22F-5FDC-45C1-B8C9-59C130AF8E41}.Release|iPhoneSimulator.ActiveCfg = Release|Any CPU
		{4BE7A22F-5FDC-45C1-B8C9-59C130AF8E41}.Release|iPhoneSimulator.Build.0 = Release|Any CPU
		{4BE7A22F-5FDC-45C1-B8C9-59C130AF8E41}.Release|iPhoneSimulator.Deploy.0 = Release|Any CPU
		{4BE7A22F-5FDC-45C1-B8C9-59C130AF8E41}.Release|x64.ActiveCfg = Release|Any CPU
		{4BE7A22F-5FDC-45C1-B8C9-59C130AF8E41}.Release|x64.Build.0 = Release|Any CPU
		{4BE7A22F-5FDC-45C1-B8C9-59C130AF8E41}.Release|x64.Deploy.0 = Release|Any CPU
		{4BE7A22F-5FDC-45C1-B8C9-59C130AF8E41}.Release|x86.ActiveCfg = Release|Any CPU
		{4BE7A22F-5FDC-45C1-B8C9-59C130AF8E41}.Release|x86.Build.0 = Release|Any CPU
		{4BE7A22F-5FDC-45C1-B8C9-59C130AF8E41}.Release|x86.Deploy.0 = Release|Any CPU
		{D206AE6A-4A4E-435E-995D-2FAC7265194C}.Ad-Hoc|Any CPU.ActiveCfg = Ad-Hoc|iPhone
		{D206AE6A-4A4E-435E-995D-2FAC7265194C}.Ad-Hoc|ARM.ActiveCfg = Ad-Hoc|iPhone
		{D206AE6A-4A4E-435E-995D-2FAC7265194C}.Ad-Hoc|iPhone.ActiveCfg = Ad-Hoc|iPhone
		{D206AE6A-4A4E-435E-995D-2FAC7265194C}.Ad-Hoc|iPhone.Build.0 = Ad-Hoc|iPhone
		{D206AE6A-4A4E-435E-995D-2FAC7265194C}.Ad-Hoc|iPhoneSimulator.ActiveCfg = Ad-Hoc|iPhoneSimulator
		{D206AE6A-4A4E-435E-995D-2FAC7265194C}.Ad-Hoc|iPhoneSimulator.Build.0 = Ad-Hoc|iPhoneSimulator
		{D206AE6A-4A4E-435E-995D-2FAC7265194C}.Ad-Hoc|x64.ActiveCfg = Ad-Hoc|iPhone
		{D206AE6A-4A4E-435E-995D-2FAC7265194C}.Ad-Hoc|x86.ActiveCfg = Ad-Hoc|iPhone
		{D206AE6A-4A4E-435E-995D-2FAC7265194C}.AppStore|Any CPU.ActiveCfg = AppStore|iPhone
		{D206AE6A-4A4E-435E-995D-2FAC7265194C}.AppStore|ARM.ActiveCfg = AppStore|iPhone
		{D206AE6A-4A4E-435E-995D-2FAC7265194C}.AppStore|iPhone.ActiveCfg = AppStore|iPhone
		{D206AE6A-4A4E-435E-995D-2FAC7265194C}.AppStore|iPhone.Build.0 = AppStore|iPhone
		{D206AE6A-4A4E-435E-995D-2FAC7265194C}.AppStore|iPhoneSimulator.ActiveCfg = AppStore|iPhoneSimulator
		{D206AE6A-4A4E-435E-995D-2FAC7265194C}.AppStore|iPhoneSimulator.Build.0 = AppStore|iPhoneSimulator
		{D206AE6A-4A4E-435E-995D-2FAC7265194C}.AppStore|x64.ActiveCfg = AppStore|iPhone
		{D206AE6A-4A4E-435E-995D-2FAC7265194C}.AppStore|x86.ActiveCfg = AppStore|iPhone
		{D206AE6A-4A4E-435E-995D-2FAC7265194C}.Debug|Any CPU.ActiveCfg = Debug|iPhone
		{D206AE6A-4A4E-435E-995D-2FAC7265194C}.Debug|ARM.ActiveCfg = Debug|iPhone
		{D206AE6A-4A4E-435E-995D-2FAC7265194C}.Debug|iPhone.ActiveCfg = Debug|iPhone
		{D206AE6A-4A4E-435E-995D-2FAC7265194C}.Debug|iPhone.Build.0 = Debug|iPhone
		{D206AE6A-4A4E-435E-995D-2FAC7265194C}.Debug|iPhoneSimulator.ActiveCfg = Debug|iPhoneSimulator
		{D206AE6A-4A4E-435E-995D-2FAC7265194C}.Debug|iPhoneSimulator.Build.0 = Debug|iPhoneSimulator
		{D206AE6A-4A4E-435E-995D-2FAC7265194C}.Debug|x64.ActiveCfg = Debug|iPhone
		{D206AE6A-4A4E-435E-995D-2FAC7265194C}.Debug|x86.ActiveCfg = Debug|iPhone
		{D206AE6A-4A4E-435E-995D-2FAC7265194C}.Release|Any CPU.ActiveCfg = Release|iPhone
		{D206AE6A-4A4E-435E-995D-2FAC7265194C}.Release|ARM.ActiveCfg = Release|iPhone
		{D206AE6A-4A4E-435E-995D-2FAC7265194C}.Release|iPhone.ActiveCfg = Release|iPhone
		{D206AE6A-4A4E-435E-995D-2FAC7265194C}.Release|iPhone.Build.0 = Release|iPhone
		{D206AE6A-4A4E-435E-995D-2FAC7265194C}.Release|iPhoneSimulator.ActiveCfg = Release|iPhoneSimulator
		{D206AE6A-4A4E-435E-995D-2FAC7265194C}.Release|iPhoneSimulator.Build.0 = Release|iPhoneSimulator
		{D206AE6A-4A4E-435E-995D-2FAC7265194C}.Release|x64.ActiveCfg = Release|iPhone
		{D206AE6A-4A4E-435E-995D-2FAC7265194C}.Release|x86.ActiveCfg = Release|iPhone
		{DB987004-A61B-43E9-A2A5-510FF33508BD}.Ad-Hoc|Any CPU.ActiveCfg = Release|x86
		{DB987004-A61B-43E9-A2A5-510FF33508BD}.Ad-Hoc|Any CPU.Build.0 = Release|x86
		{DB987004-A61B-43E9-A2A5-510FF33508BD}.Ad-Hoc|Any CPU.Deploy.0 = Release|x86
		{DB987004-A61B-43E9-A2A5-510FF33508BD}.Ad-Hoc|ARM.ActiveCfg = Release|ARM
		{DB987004-A61B-43E9-A2A5-510FF33508BD}.Ad-Hoc|ARM.Build.0 = Release|ARM
		{DB987004-A61B-43E9-A2A5-510FF33508BD}.Ad-Hoc|ARM.Deploy.0 = Release|ARM
		{DB987004-A61B-43E9-A2A5-510FF33508BD}.Ad-Hoc|iPhone.ActiveCfg = Release|x86
		{DB987004-A61B-43E9-A2A5-510FF33508BD}.Ad-Hoc|iPhone.Build.0 = Release|x86
		{DB987004-A61B-43E9-A2A5-510FF33508BD}.Ad-Hoc|iPhone.Deploy.0 = Release|x86
		{DB987004-A61B-43E9-A2A5-510FF33508BD}.Ad-Hoc|iPhoneSimulator.ActiveCfg = Release|x86
		{DB987004-A61B-43E9-A2A5-510FF33508BD}.Ad-Hoc|iPhoneSimulator.Build.0 = Release|x86
		{DB987004-A61B-43E9-A2A5-510FF33508BD}.Ad-Hoc|iPhoneSimulator.Deploy.0 = Release|x86
		{DB987004-A61B-43E9-A2A5-510FF33508BD}.Ad-Hoc|x64.ActiveCfg = Release|x64
		{DB987004-A61B-43E9-A2A5-510FF33508BD}.Ad-Hoc|x64.Build.0 = Release|x64
		{DB987004-A61B-43E9-A2A5-510FF33508BD}.Ad-Hoc|x64.Deploy.0 = Release|x64
		{DB987004-A61B-43E9-A2A5-510FF33508BD}.Ad-Hoc|x86.ActiveCfg = Release|x86
		{DB987004-A61B-43E9-A2A5-510FF33508BD}.Ad-Hoc|x86.Build.0 = Release|x86
		{DB987004-A61B-43E9-A2A5-510FF33508BD}.Ad-Hoc|x86.Deploy.0 = Release|x86
		{DB987004-A61B-43E9-A2A5-510FF33508BD}.AppStore|Any CPU.ActiveCfg = Release|x86
		{DB987004-A61B-43E9-A2A5-510FF33508BD}.AppStore|Any CPU.Build.0 = Release|x86
		{DB987004-A61B-43E9-A2A5-510FF33508BD}.AppStore|Any CPU.Deploy.0 = Release|x86
		{DB987004-A61B-43E9-A2A5-510FF33508BD}.AppStore|ARM.ActiveCfg = Release|ARM
		{DB987004-A61B-43E9-A2A5-510FF33508BD}.AppStore|ARM.Build.0 = Release|ARM
		{DB987004-A61B-43E9-A2A5-510FF33508BD}.AppStore|ARM.Deploy.0 = Release|ARM
		{DB987004-A61B-43E9-A2A5-510FF33508BD}.AppStore|iPhone.ActiveCfg = Release|x86
		{DB987004-A61B-43E9-A2A5-510FF33508BD}.AppStore|iPhone.Build.0 = Release|x86
		{DB987004-A61B-43E9-A2A5-510FF33508BD}.AppStore|iPhone.Deploy.0 = Release|x86
		{DB987004-A61B-43E9-A2A5-510FF33508BD}.AppStore|iPhoneSimulator.ActiveCfg = Release|x86
		{DB987004-A61B-43E9-A2A5-510FF33508BD}.AppStore|iPhoneSimulator.Build.0 = Release|x86
		{DB987004-A61B-43E9-A2A5-510FF33508BD}.AppStore|iPhoneSimulator.Deploy.0 = Release|x86
		{DB987004-A61B-43E9-A2A5-510FF33508BD}.AppStore|x64.ActiveCfg = Release|x64
		{DB987004-A61B-43E9-A2A5-510FF33508BD}.AppStore|x64.Build.0 = Release|x64
		{DB987004-A61B-43E9-A2A5-510FF33508BD}.AppStore|x64.Deploy.0 = Release|x64
		{DB987004-A61B-43E9-A2A5-510FF33508BD}.AppStore|x86.ActiveCfg = Release|x86
		{DB987004-A61B-43E9-A2A5-510FF33508BD}.AppStore|x86.Build.0 = Release|x86
		{DB987004-A61B-43E9-A2A5-510FF33508BD}.AppStore|x86.Deploy.0 = Release|x86
		{DB987004-A61B-43E9-A2A5-510FF33508BD}.Debug|Any CPU.ActiveCfg = Debug|x86
		{DB987004-A61B-43E9-A2A5-510FF33508BD}.Debug|ARM.ActiveCfg = Debug|ARM
		{DB987004-A61B-43E9-A2A5-510FF33508BD}.Debug|ARM.Build.0 = Debug|ARM
		{DB987004-A61B-43E9-A2A5-510FF33508BD}.Debug|ARM.Deploy.0 = Debug|ARM
		{DB987004-A61B-43E9-A2A5-510FF33508BD}.Debug|iPhone.ActiveCfg = Debug|x86
		{DB987004-A61B-43E9-A2A5-510FF33508BD}.Debug|iPhoneSimulator.ActiveCfg = Debug|x86
		{DB987004-A61B-43E9-A2A5-510FF33508BD}.Debug|x64.ActiveCfg = Debug|x64
		{DB987004-A61B-43E9-A2A5-510FF33508BD}.Debug|x64.Build.0 = Debug|x64
		{DB987004-A61B-43E9-A2A5-510FF33508BD}.Debug|x64.Deploy.0 = Debug|x64
		{DB987004-A61B-43E9-A2A5-510FF33508BD}.Debug|x86.ActiveCfg = Debug|x86
		{DB987004-A61B-43E9-A2A5-510FF33508BD}.Debug|x86.Build.0 = Debug|x86
		{DB987004-A61B-43E9-A2A5-510FF33508BD}.Debug|x86.Deploy.0 = Debug|x86
		{DB987004-A61B-43E9-A2A5-510FF33508BD}.Release|Any CPU.ActiveCfg = Release|x86
		{DB987004-A61B-43E9-A2A5-510FF33508BD}.Release|ARM.ActiveCfg = Release|ARM
		{DB987004-A61B-43E9-A2A5-510FF33508BD}.Release|ARM.Build.0 = Release|ARM
		{DB987004-A61B-43E9-A2A5-510FF33508BD}.Release|ARM.Deploy.0 = Release|ARM
		{DB987004-A61B-43E9-A2A5-510FF33508BD}.Release|iPhone.ActiveCfg = Release|x86
		{DB987004-A61B-43E9-A2A5-510FF33508BD}.Release|iPhoneSimulator.ActiveCfg = Release|x86
		{DB987004-A61B-43E9-A2A5-510FF33508BD}.Release|x64.ActiveCfg = Release|x64
		{DB987004-A61B-43E9-A2A5-510FF33508BD}.Release|x64.Build.0 = Release|x64
		{DB987004-A61B-43E9-A2A5-510FF33508BD}.Release|x64.Deploy.0 = Release|x64
		{DB987004-A61B-43E9-A2A5-510FF33508BD}.Release|x86.ActiveCfg = Release|x86
		{DB987004-A61B-43E9-A2A5-510FF33508BD}.Release|x86.Build.0 = Release|x86
		{DB987004-A61B-43E9-A2A5-510FF33508BD}.Release|x86.Deploy.0 = Release|x86
	EndGlobalSection
	GlobalSection(SolutionProperties) = preSolution
		HideSolutionNode = FALSE
	EndGlobalSection
EndGlobal
